
Microsoft Visual Studio Solution File, Format Version 12.00
# Visual Studio 14
VisualStudioVersion = 14.0.23107.0
MinimumVisualStudioVersion = 10.0.40219.1
Project("{FAE04EC0-301F-11D3-BF4B-00C04F79EFBC}") = "Picassi.Data.Accounts", "Picassi.Data.Accounts\Picassi.Data.Accounts.csproj", "{F86E6DB3-CC2B-40F6-95D0-D1E77CD0B3D2}"
EndProject
Project("{FAE04EC0-301F-11D3-BF4B-00C04F79EFBC}") = "Picassi.Core.Accounts", "Picassi.Core.Accounts\Picassi.Core.Accounts.csproj", "{AC94699B-B1AF-46EF-B657-FFEE06E52EA4}"
EndProject
Project("{FAE04EC0-301F-11D3-BF4B-00C04F79EFBC}") = "Picassi.Api.Accounts.Tests", "Picassi.Api.Accounts.Tests\Picassi.Api.Accounts.Tests.csproj", "{3A4DFE41-BC06-48AA-8B7F-271D8009037F}"
EndProject
Project("{FAE04EC0-301F-11D3-BF4B-00C04F79EFBC}") = "Picassi.Core.Accounts.Tests", "Picassi.Core.Accounts.Tests\Picassi.Core.Accounts.Tests.csproj", "{AAFC0A72-8292-489B-83A1-490D35FE7C62}"
EndProject
Project("{2150E333-8FDC-42A3-9474-1A3956D46DE8}") = "Common", "Common", "{C8C97346-668F-491E-A343-823723120911}"
EndProject
Project("{FAE04EC0-301F-11D3-BF4B-00C04F79EFBC}") = "Picassi.Api.Accounts", "Picassi.Api.Accounts\Picassi.Api.Accounts.csproj", "{DE37A1FF-3F62-463A-9C49-0000E5155D9E}"
EndProject
Project("{2150E333-8FDC-42A3-9474-1A3956D46DE8}") = "Tests", "Tests", "{E807A594-F4BB-4BE9-93CD-59BC607718C6}"
EndProject
Project("{FAE04EC0-301F-11D3-BF4B-00C04F79EFBC}") = "Picassi.Common.Api", "Picassi.Common.Api\Picassi.Common.Api.csproj", "{79DE28BB-796E-4C8D-9D75-F70F6C386B57}"
EndProject
Project("{FAE04EC0-301F-11D3-BF4B-00C04F79EFBC}") = "Picassi.Common.Data", "Picassi.Common.Data\Picassi.Common.Data.csproj", "{B5347A7A-FBA1-4923-9AA1-E216FDF1C0CD}"
EndProject
Global
	GlobalSection(SolutionConfigurationPlatforms) = preSolution
		Debug|Any CPU = Debug|Any CPU
		Local|Any CPU = Local|Any CPU
		Release|Any CPU = Release|Any CPU
		Staging|Any CPU = Staging|Any CPU
		Test|Any CPU = Test|Any CPU
	EndGlobalSection
	GlobalSection(ProjectConfigurationPlatforms) = postSolution
		{F86E6DB3-CC2B-40F6-95D0-D1E77CD0B3D2}.Debug|Any CPU.ActiveCfg = Debug|Any CPU
		{F86E6DB3-CC2B-40F6-95D0-D1E77CD0B3D2}.Debug|Any CPU.Build.0 = Debug|Any CPU
		{F86E6DB3-CC2B-40F6-95D0-D1E77CD0B3D2}.Local|Any CPU.ActiveCfg = Local|Any CPU
		{F86E6DB3-CC2B-40F6-95D0-D1E77CD0B3D2}.Local|Any CPU.Build.0 = Local|Any CPU
		{F86E6DB3-CC2B-40F6-95D0-D1E77CD0B3D2}.Release|Any CPU.ActiveCfg = Release|Any CPU
		{F86E6DB3-CC2B-40F6-95D0-D1E77CD0B3D2}.Release|Any CPU.Build.0 = Release|Any CPU
		{F86E6DB3-CC2B-40F6-95D0-D1E77CD0B3D2}.Staging|Any CPU.ActiveCfg = Staging|Any CPU
		{F86E6DB3-CC2B-40F6-95D0-D1E77CD0B3D2}.Staging|Any CPU.Build.0 = Staging|Any CPU
		{F86E6DB3-CC2B-40F6-95D0-D1E77CD0B3D2}.Test|Any CPU.ActiveCfg = Test|Any CPU
		{F86E6DB3-CC2B-40F6-95D0-D1E77CD0B3D2}.Test|Any CPU.Build.0 = Test|Any CPU
		{AC94699B-B1AF-46EF-B657-FFEE06E52EA4}.Debug|Any CPU.ActiveCfg = Debug|Any CPU
		{AC94699B-B1AF-46EF-B657-FFEE06E52EA4}.Debug|Any CPU.Build.0 = Debug|Any CPU
		{AC94699B-B1AF-46EF-B657-FFEE06E52EA4}.Local|Any CPU.ActiveCfg = Local|Any CPU
		{AC94699B-B1AF-46EF-B657-FFEE06E52EA4}.Local|Any CPU.Build.0 = Local|Any CPU
		{AC94699B-B1AF-46EF-B657-FFEE06E52EA4}.Release|Any CPU.ActiveCfg = Release|Any CPU
		{AC94699B-B1AF-46EF-B657-FFEE06E52EA4}.Release|Any CPU.Build.0 = Release|Any CPU
		{AC94699B-B1AF-46EF-B657-FFEE06E52EA4}.Staging|Any CPU.ActiveCfg = Staging|Any CPU
		{AC94699B-B1AF-46EF-B657-FFEE06E52EA4}.Staging|Any CPU.Build.0 = Staging|Any CPU
		{AC94699B-B1AF-46EF-B657-FFEE06E52EA4}.Test|Any CPU.ActiveCfg = Test|Any CPU
		{AC94699B-B1AF-46EF-B657-FFEE06E52EA4}.Test|Any CPU.Build.0 = Test|Any CPU
		{3A4DFE41-BC06-48AA-8B7F-271D8009037F}.Debug|Any CPU.ActiveCfg = Debug|Any CPU
		{3A4DFE41-BC06-48AA-8B7F-271D8009037F}.Debug|Any CPU.Build.0 = Debug|Any CPU
		{3A4DFE41-BC06-48AA-8B7F-271D8009037F}.Local|Any CPU.ActiveCfg = Local|Any CPU
		{3A4DFE41-BC06-48AA-8B7F-271D8009037F}.Local|Any CPU.Build.0 = Local|Any CPU
		{3A4DFE41-BC06-48AA-8B7F-271D8009037F}.Release|Any CPU.ActiveCfg = Release|Any CPU
		{3A4DFE41-BC06-48AA-8B7F-271D8009037F}.Release|Any CPU.Build.0 = Release|Any CPU
		{3A4DFE41-BC06-48AA-8B7F-271D8009037F}.Staging|Any CPU.ActiveCfg = Staging|Any CPU
		{3A4DFE41-BC06-48AA-8B7F-271D8009037F}.Staging|Any CPU.Build.0 = Staging|Any CPU
		{3A4DFE41-BC06-48AA-8B7F-271D8009037F}.Test|Any CPU.ActiveCfg = Test|Any CPU
		{3A4DFE41-BC06-48AA-8B7F-271D8009037F}.Test|Any CPU.Build.0 = Test|Any CPU
		{AAFC0A72-8292-489B-83A1-490D35FE7C62}.Debug|Any CPU.ActiveCfg = Debug|Any CPU
		{AAFC0A72-8292-489B-83A1-490D35FE7C62}.Debug|Any CPU.Build.0 = Debug|Any CPU
		{AAFC0A72-8292-489B-83A1-490D35FE7C62}.Local|Any CPU.ActiveCfg = Local|Any CPU
		{AAFC0A72-8292-489B-83A1-490D35FE7C62}.Local|Any CPU.Build.0 = Local|Any CPU
		{AAFC0A72-8292-489B-83A1-490D35FE7C62}.Release|Any CPU.ActiveCfg = Release|Any CPU
		{AAFC0A72-8292-489B-83A1-490D35FE7C62}.Release|Any CPU.Build.0 = Release|Any CPU
		{AAFC0A72-8292-489B-83A1-490D35FE7C62}.Staging|Any CPU.ActiveCfg = Staging|Any CPU
		{AAFC0A72-8292-489B-83A1-490D35FE7C62}.Staging|Any CPU.Build.0 = Staging|Any CPU
		{AAFC0A72-8292-489B-83A1-490D35FE7C62}.Test|Any CPU.ActiveCfg = Test|Any CPU
		{AAFC0A72-8292-489B-83A1-490D35FE7C62}.Test|Any CPU.Build.0 = Test|Any CPU
		{DE37A1FF-3F62-463A-9C49-0000E5155D9E}.Debug|Any CPU.ActiveCfg = Debug|Any CPU
		{DE37A1FF-3F62-463A-9C49-0000E5155D9E}.Debug|Any CPU.Build.0 = Debug|Any CPU
		{DE37A1FF-3F62-463A-9C49-0000E5155D9E}.Local|Any CPU.ActiveCfg = Local|Any CPU
		{DE37A1FF-3F62-463A-9C49-0000E5155D9E}.Local|Any CPU.Build.0 = Local|Any CPU
		{DE37A1FF-3F62-463A-9C49-0000E5155D9E}.Release|Any CPU.ActiveCfg = Release|Any CPU
		{DE37A1FF-3F62-463A-9C49-0000E5155D9E}.Release|Any CPU.Build.0 = Release|Any CPU
		{DE37A1FF-3F62-463A-9C49-0000E5155D9E}.Staging|Any CPU.ActiveCfg = Staging|Any CPU
		{DE37A1FF-3F62-463A-9C49-0000E5155D9E}.Staging|Any CPU.Build.0 = Staging|Any CPU
		{DE37A1FF-3F62-463A-9C49-0000E5155D9E}.Test|Any CPU.ActiveCfg = Test|Any CPU
		{DE37A1FF-3F62-463A-9C49-0000E5155D9E}.Test|Any CPU.Build.0 = Test|Any CPU
		{79DE28BB-796E-4C8D-9D75-F70F6C386B57}.Debug|Any CPU.ActiveCfg = Debug|Any CPU
		{79DE28BB-796E-4C8D-9D75-F70F6C386B57}.Debug|Any CPU.Build.0 = Debug|Any CPU
		{79DE28BB-796E-4C8D-9D75-F70F6C386B57}.Local|Any CPU.ActiveCfg = Local|Any CPU
		{79DE28BB-796E-4C8D-9D75-F70F6C386B57}.Local|Any CPU.Build.0 = Local|Any CPU
		{79DE28BB-796E-4C8D-9D75-F70F6C386B57}.Release|Any CPU.ActiveCfg = Release|Any CPU
		{79DE28BB-796E-4C8D-9D75-F70F6C386B57}.Release|Any CPU.Build.0 = Release|Any CPU
		{79DE28BB-796E-4C8D-9D75-F70F6C386B57}.Staging|Any CPU.ActiveCfg = Staging|Any CPU
		{79DE28BB-796E-4C8D-9D75-F70F6C386B57}.Staging|Any CPU.Build.0 = Staging|Any CPU
		{79DE28BB-796E-4C8D-9D75-F70F6C386B57}.Test|Any CPU.ActiveCfg = Test|Any CPU
		{79DE28BB-796E-4C8D-9D75-F70F6C386B57}.Test|Any CPU.Build.0 = Test|Any CPU
		{B5347A7A-FBA1-4923-9AA1-E216FDF1C0CD}.Debug|Any CPU.ActiveCfg = Debug|Any CPU
		{B5347A7A-FBA1-4923-9AA1-E216FDF1C0CD}.Debug|Any CPU.Build.0 = Debug|Any CPU
		{B5347A7A-FBA1-4923-9AA1-E216FDF1C0CD}.Local|Any CPU.ActiveCfg = Local|Any CPU
		{B5347A7A-FBA1-4923-9AA1-E216FDF1C0CD}.Local|Any CPU.Build.0 = Local|Any CPU
		{B5347A7A-FBA1-4923-9AA1-E216FDF1C0CD}.Release|Any CPU.ActiveCfg = Release|Any CPU
		{B5347A7A-FBA1-4923-9AA1-E216FDF1C0CD}.Release|Any CPU.Build.0 = Release|Any CPU
		{B5347A7A-FBA1-4923-9AA1-E216FDF1C0CD}.Staging|Any CPU.ActiveCfg = Staging|Any CPU
		{B5347A7A-FBA1-4923-9AA1-E216FDF1C0CD}.Staging|Any CPU.Build.0 = Staging|Any CPU
		{B5347A7A-FBA1-4923-9AA1-E216FDF1C0CD}.Test|Any CPU.ActiveCfg = Test|Any CPU
		{B5347A7A-FBA1-4923-9AA1-E216FDF1C0CD}.Test|Any CPU.Build.0 = Test|Any CPU
	EndGlobalSection
	GlobalSection(SolutionProperties) = preSolution
		HideSolutionNode = FALSE
	EndGlobalSection
	GlobalSection(NestedProjects) = preSolution
		{3A4DFE41-BC06-48AA-8B7F-271D8009037F} = {E807A594-F4BB-4BE9-93CD-59BC607718C6}
		{AAFC0A72-8292-489B-83A1-490D35FE7C62} = {E807A594-F4BB-4BE9-93CD-59BC607718C6}
		{79DE28BB-796E-4C8D-9D75-F70F6C386B57} = {C8C97346-668F-491E-A343-823723120911}
		{B5347A7A-FBA1-4923-9AA1-E216FDF1C0CD} = {C8C97346-668F-491E-A343-823723120911}
	EndGlobalSection
EndGlobal
