
Microsoft Visual Studio Solution File, Format Version 12.00
# Visual Studio 15
VisualStudioVersion = 15.0.26730.12
MinimumVisualStudioVersion = 10.0.40219.1
Project("{FAE04EC0-301F-11D3-BF4B-00C04F79EFBC}") = "Picassi.Core.Accounts", "Picassi.Core.Accounts\Picassi.Core.Accounts.csproj", "{AC94699B-B1AF-46EF-B657-FFEE06E52EA4}"
EndProject
Project("{FAE04EC0-301F-11D3-BF4B-00C04F79EFBC}") = "Picassi.Api.Accounts.Tests", "Picassi.Api.Accounts.Tests\Picassi.Api.Accounts.Tests.csproj", "{3A4DFE41-BC06-48AA-8B7F-271D8009037F}"
EndProject
Project("{FAE04EC0-301F-11D3-BF4B-00C04F79EFBC}") = "Picassi.Core.Accounts.Tests", "Picassi.Core.Accounts.Tests\Picassi.Core.Accounts.Tests.csproj", "{AAFC0A72-8292-489B-83A1-490D35FE7C62}"
EndProject
Project("{FAE04EC0-301F-11D3-BF4B-00C04F79EFBC}") = "Picassi.Api.Accounts", "Picassi.Api.Accounts\Picassi.Api.Accounts.csproj", "{DE37A1FF-3F62-463A-9C49-0000E5155D9E}"
EndProject
Project("{2150E333-8FDC-42A3-9474-1A3956D46DE8}") = "Tests", "Tests", "{E807A594-F4BB-4BE9-93CD-59BC607718C6}"
EndProject
Project("{FAE04EC0-301F-11D3-BF4B-00C04F79EFBC}") = "Picassi.Api.Accounts.Contract", "Picassi.Api.Accounts.Contract\Picassi.Api.Accounts.Contract.csproj", "{8D318D2C-0A4D-46CB-AA26-04BB0832A429}"
EndProject
Project("{FAE04EC0-301F-11D3-BF4B-00C04F79EFBC}") = "Picassi.Api.Accounts.Client", "Picassi.Api.Accounts.Client\Picassi.Api.Accounts.Client.csproj", "{E2E3A1E6-0685-47AC-85C5-1F37AB17232E}"
EndProject
Project("{FAE04EC0-301F-11D3-BF4B-00C04F79EFBC}") = "Picassi.Generator.Accounts", "Picassi.Generator.Accounts\Picassi.Generator.Accounts.csproj", "{41BFC45A-E03A-4E8B-A110-E19CC6409309}"
EndProject
Global
	GlobalSection(SolutionConfigurationPlatforms) = preSolution
		Debug|Any CPU = Debug|Any CPU
		Local|Any CPU = Local|Any CPU
		Release|Any CPU = Release|Any CPU
		Staging|Any CPU = Staging|Any CPU
		Test|Any CPU = Test|Any CPU
	EndGlobalSection
	GlobalSection(ProjectConfigurationPlatforms) = postSolution
		{AC94699B-B1AF-46EF-B657-FFEE06E52EA4}.Debug|Any CPU.ActiveCfg = Debug|Any CPU
		{AC94699B-B1AF-46EF-B657-FFEE06E52EA4}.Debug|Any CPU.Build.0 = Debug|Any CPU
		{AC94699B-B1AF-46EF-B657-FFEE06E52EA4}.Local|Any CPU.ActiveCfg = Local|Any CPU
		{AC94699B-B1AF-46EF-B657-FFEE06E52EA4}.Local|Any CPU.Build.0 = Local|Any CPU
		{AC94699B-B1AF-46EF-B657-FFEE06E52EA4}.Release|Any CPU.ActiveCfg = Release|Any CPU
		{AC94699B-B1AF-46EF-B657-FFEE06E52EA4}.Release|Any CPU.Build.0 = Release|Any CPU
		{AC94699B-B1AF-46EF-B657-FFEE06E52EA4}.Staging|Any CPU.ActiveCfg = Staging|Any CPU
		{AC94699B-B1AF-46EF-B657-FFEE06E52EA4}.Staging|Any CPU.Build.0 = Staging|Any CPU
		{AC94699B-B1AF-46EF-B657-FFEE06E52EA4}.Test|Any CPU.ActiveCfg = Test|Any CPU
		{AC94699B-B1AF-46EF-B657-FFEE06E52EA4}.Test|Any CPU.Build.0 = Test|Any CPU
		{3A4DFE41-BC06-48AA-8B7F-271D8009037F}.Debug|Any CPU.ActiveCfg = Debug|Any CPU
		{3A4DFE41-BC06-48AA-8B7F-271D8009037F}.Debug|Any CPU.Build.0 = Debug|Any CPU
		{3A4DFE41-BC06-48AA-8B7F-271D8009037F}.Local|Any CPU.ActiveCfg = Local|Any CPU
		{3A4DFE41-BC06-48AA-8B7F-271D8009037F}.Local|Any CPU.Build.0 = Local|Any CPU
		{3A4DFE41-BC06-48AA-8B7F-271D8009037F}.Release|Any CPU.ActiveCfg = Release|Any CPU
		{3A4DFE41-BC06-48AA-8B7F-271D8009037F}.Release|Any CPU.Build.0 = Release|Any CPU
		{3A4DFE41-BC06-48AA-8B7F-271D8009037F}.Staging|Any CPU.ActiveCfg = Staging|Any CPU
		{3A4DFE41-BC06-48AA-8B7F-271D8009037F}.Staging|Any CPU.Build.0 = Staging|Any CPU
		{3A4DFE41-BC06-48AA-8B7F-271D8009037F}.Test|Any CPU.ActiveCfg = Test|Any CPU
		{3A4DFE41-BC06-48AA-8B7F-271D8009037F}.Test|Any CPU.Build.0 = Test|Any CPU
		{AAFC0A72-8292-489B-83A1-490D35FE7C62}.Debug|Any CPU.ActiveCfg = Debug|Any CPU
		{AAFC0A72-8292-489B-83A1-490D35FE7C62}.Debug|Any CPU.Build.0 = Debug|Any CPU
		{AAFC0A72-8292-489B-83A1-490D35FE7C62}.Local|Any CPU.ActiveCfg = Local|Any CPU
		{AAFC0A72-8292-489B-83A1-490D35FE7C62}.Local|Any CPU.Build.0 = Local|Any CPU
		{AAFC0A72-8292-489B-83A1-490D35FE7C62}.Release|Any CPU.ActiveCfg = Release|Any CPU
		{AAFC0A72-8292-489B-83A1-490D35FE7C62}.Release|Any CPU.Build.0 = Release|Any CPU
		{AAFC0A72-8292-489B-83A1-490D35FE7C62}.Staging|Any CPU.ActiveCfg = Staging|Any CPU
		{AAFC0A72-8292-489B-83A1-490D35FE7C62}.Staging|Any CPU.Build.0 = Staging|Any CPU
		{AAFC0A72-8292-489B-83A1-490D35FE7C62}.Test|Any CPU.ActiveCfg = Test|Any CPU
		{AAFC0A72-8292-489B-83A1-490D35FE7C62}.Test|Any CPU.Build.0 = Test|Any CPU
		{DE37A1FF-3F62-463A-9C49-0000E5155D9E}.Debug|Any CPU.ActiveCfg = Debug|Any CPU
		{DE37A1FF-3F62-463A-9C49-0000E5155D9E}.Debug|Any CPU.Build.0 = Debug|Any CPU
		{DE37A1FF-3F62-463A-9C49-0000E5155D9E}.Local|Any CPU.ActiveCfg = Local|Any CPU
		{DE37A1FF-3F62-463A-9C49-0000E5155D9E}.Local|Any CPU.Build.0 = Local|Any CPU
		{DE37A1FF-3F62-463A-9C49-0000E5155D9E}.Release|Any CPU.ActiveCfg = Release|Any CPU
		{DE37A1FF-3F62-463A-9C49-0000E5155D9E}.Release|Any CPU.Build.0 = Release|Any CPU
		{DE37A1FF-3F62-463A-9C49-0000E5155D9E}.Staging|Any CPU.ActiveCfg = Staging|Any CPU
		{DE37A1FF-3F62-463A-9C49-0000E5155D9E}.Staging|Any CPU.Build.0 = Staging|Any CPU
		{DE37A1FF-3F62-463A-9C49-0000E5155D9E}.Test|Any CPU.ActiveCfg = Test|Any CPU
		{DE37A1FF-3F62-463A-9C49-0000E5155D9E}.Test|Any CPU.Build.0 = Test|Any CPU
		{8D318D2C-0A4D-46CB-AA26-04BB0832A429}.Debug|Any CPU.ActiveCfg = Debug|Any CPU
		{8D318D2C-0A4D-46CB-AA26-04BB0832A429}.Debug|Any CPU.Build.0 = Debug|Any CPU
		{8D318D2C-0A4D-46CB-AA26-04BB0832A429}.Local|Any CPU.ActiveCfg = Release|Any CPU
		{8D318D2C-0A4D-46CB-AA26-04BB0832A429}.Local|Any CPU.Build.0 = Release|Any CPU
		{8D318D2C-0A4D-46CB-AA26-04BB0832A429}.Release|Any CPU.ActiveCfg = Release|Any CPU
		{8D318D2C-0A4D-46CB-AA26-04BB0832A429}.Release|Any CPU.Build.0 = Release|Any CPU
		{8D318D2C-0A4D-46CB-AA26-04BB0832A429}.Staging|Any CPU.ActiveCfg = Release|Any CPU
		{8D318D2C-0A4D-46CB-AA26-04BB0832A429}.Staging|Any CPU.Build.0 = Release|Any CPU
		{8D318D2C-0A4D-46CB-AA26-04BB0832A429}.Test|Any CPU.ActiveCfg = Release|Any CPU
		{8D318D2C-0A4D-46CB-AA26-04BB0832A429}.Test|Any CPU.Build.0 = Release|Any CPU
		{E2E3A1E6-0685-47AC-85C5-1F37AB17232E}.Debug|Any CPU.ActiveCfg = Debug|Any CPU
		{E2E3A1E6-0685-47AC-85C5-1F37AB17232E}.Debug|Any CPU.Build.0 = Debug|Any CPU
		{E2E3A1E6-0685-47AC-85C5-1F37AB17232E}.Local|Any CPU.ActiveCfg = Release|Any CPU
		{E2E3A1E6-0685-47AC-85C5-1F37AB17232E}.Local|Any CPU.Build.0 = Release|Any CPU
		{E2E3A1E6-0685-47AC-85C5-1F37AB17232E}.Release|Any CPU.ActiveCfg = Release|Any CPU
		{E2E3A1E6-0685-47AC-85C5-1F37AB17232E}.Release|Any CPU.Build.0 = Release|Any CPU
		{E2E3A1E6-0685-47AC-85C5-1F37AB17232E}.Staging|Any CPU.ActiveCfg = Release|Any CPU
		{E2E3A1E6-0685-47AC-85C5-1F37AB17232E}.Staging|Any CPU.Build.0 = Release|Any CPU
		{E2E3A1E6-0685-47AC-85C5-1F37AB17232E}.Test|Any CPU.ActiveCfg = Release|Any CPU
		{E2E3A1E6-0685-47AC-85C5-1F37AB17232E}.Test|Any CPU.Build.0 = Release|Any CPU
		{41BFC45A-E03A-4E8B-A110-E19CC6409309}.Debug|Any CPU.ActiveCfg = Debug|Any CPU
		{41BFC45A-E03A-4E8B-A110-E19CC6409309}.Debug|Any CPU.Build.0 = Debug|Any CPU
		{41BFC45A-E03A-4E8B-A110-E19CC6409309}.Local|Any CPU.ActiveCfg = Release|Any CPU
		{41BFC45A-E03A-4E8B-A110-E19CC6409309}.Local|Any CPU.Build.0 = Release|Any CPU
		{41BFC45A-E03A-4E8B-A110-E19CC6409309}.Release|Any CPU.ActiveCfg = Release|Any CPU
		{41BFC45A-E03A-4E8B-A110-E19CC6409309}.Release|Any CPU.Build.0 = Release|Any CPU
		{41BFC45A-E03A-4E8B-A110-E19CC6409309}.Staging|Any CPU.ActiveCfg = Release|Any CPU
		{41BFC45A-E03A-4E8B-A110-E19CC6409309}.Staging|Any CPU.Build.0 = Release|Any CPU
		{41BFC45A-E03A-4E8B-A110-E19CC6409309}.Test|Any CPU.ActiveCfg = Release|Any CPU
		{41BFC45A-E03A-4E8B-A110-E19CC6409309}.Test|Any CPU.Build.0 = Release|Any CPU
	EndGlobalSection
	GlobalSection(SolutionProperties) = preSolution
		HideSolutionNode = FALSE
	EndGlobalSection
	GlobalSection(NestedProjects) = preSolution
		{3A4DFE41-BC06-48AA-8B7F-271D8009037F} = {E807A594-F4BB-4BE9-93CD-59BC607718C6}
		{AAFC0A72-8292-489B-83A1-490D35FE7C62} = {E807A594-F4BB-4BE9-93CD-59BC607718C6}
	EndGlobalSection
	GlobalSection(ExtensibilityGlobals) = postSolution
		SolutionGuid = {58920E74-00C9-400D-9044-8502822E7192}
	EndGlobalSection
EndGlobal
